
Microsoft Visual Studio Solution File, Format Version 12.00
# Visual Studio Version 16
VisualStudioVersion = 16.0.30204.135
MinimumVisualStudioVersion = 10.0.40219.1
Project("{2150E333-8FDC-42A3-9474-1A3956D46DE8}") = "BLL", "BLL", "{01FA767A-CF7A-47C4-BC89-C4CC219ADB84}"
EndProject
Project("{2150E333-8FDC-42A3-9474-1A3956D46DE8}") = "PL", "PL", "{2DF4CDD9-4EF2-425B-9281-B0C7442FD124}"
EndProject
Project("{FAE04EC0-301F-11D3-BF4B-00C04F79EFBC}") = "BL", "BL\BL.csproj", "{EF557C7F-ACC0-466D-86D5-DB3231FB42F8}"
EndProject
Project("{FAE04EC0-301F-11D3-BF4B-00C04F79EFBC}") = "WinForms", "PL\WinForms\WinForms.csproj", "{127B090B-A2B6-4985-B88B-82E4AFB601B9}"
EndProject
Global
	GlobalSection(SolutionConfigurationPlatforms) = preSolution
		Debug|Any CPU = Debug|Any CPU
		Release|Any CPU = Release|Any CPU
	EndGlobalSection
	GlobalSection(ProjectConfigurationPlatforms) = postSolution
		{EF557C7F-ACC0-466D-86D5-DB3231FB42F8}.Debug|Any CPU.ActiveCfg = Debug|Any CPU
		{EF557C7F-ACC0-466D-86D5-DB3231FB42F8}.Debug|Any CPU.Build.0 = Debug|Any CPU
		{EF557C7F-ACC0-466D-86D5-DB3231FB42F8}.Release|Any CPU.ActiveCfg = Release|Any CPU
		{EF557C7F-ACC0-466D-86D5-DB3231FB42F8}.Release|Any CPU.Build.0 = Release|Any CPU
		{127B090B-A2B6-4985-B88B-82E4AFB601B9}.Debug|Any CPU.ActiveCfg = Debug|Any CPU
		{127B090B-A2B6-4985-B88B-82E4AFB601B9}.Debug|Any CPU.Build.0 = Debug|Any CPU
		{127B090B-A2B6-4985-B88B-82E4AFB601B9}.Release|Any CPU.ActiveCfg = Release|Any CPU
		{127B090B-A2B6-4985-B88B-82E4AFB601B9}.Release|Any CPU.Build.0 = Release|Any CPU
	EndGlobalSection
	GlobalSection(SolutionProperties) = preSolution
		HideSolutionNode = FALSE
	EndGlobalSection
	GlobalSection(NestedProjects) = preSolution
		{EF557C7F-ACC0-466D-86D5-DB3231FB42F8} = {01FA767A-CF7A-47C4-BC89-C4CC219ADB84}
		{127B090B-A2B6-4985-B88B-82E4AFB601B9} = {2DF4CDD9-4EF2-425B-9281-B0C7442FD124}
	EndGlobalSection
	GlobalSection(ExtensibilityGlobals) = postSolution
		SolutionGuid = {B2FFCA2A-CBCF-402C-9093-02F6287A4D78}
	EndGlobalSection
EndGlobal
